// !$*UTF8*$!
{
	archiveVersion = 1;
	classes = {
	};
	objectVersion = 48;
	objects = {

/* Begin PBXBuildFile section */
		021AE5A52073D5FD00DB96A9 /* FFMConstants.m in Sources */ = {isa = PBXBuildFile; fileRef = 021AE5A42073D5FD00DB96A9 /* FFMConstants.m */; };
		021AE5C02073DBB800DB96A9 /* FFMWindowController.m in Sources */ = {isa = PBXBuildFile; fileRef = 021AE5BE2073DBB800DB96A9 /* FFMWindowController.m */; };
		021AE5C12073DBB800DB96A9 /* FFMWindowController.xib in Resources */ = {isa = PBXBuildFile; fileRef = 021AE5BF2073DBB800DB96A9 /* FFMWindowController.xib */; };
		D2162D8B2073C15E00260BC0 /* AppDelegate.m in Sources */ = {isa = PBXBuildFile; fileRef = D2162D8A2073C15E00260BC0 /* AppDelegate.m */; };
		D2162D8D2073C15E00260BC0 /* Assets.xcassets in Resources */ = {isa = PBXBuildFile; fileRef = D2162D8C2073C15E00260BC0 /* Assets.xcassets */; };
		D2162D902073C15E00260BC0 /* MainMenu.xib in Resources */ = {isa = PBXBuildFile; fileRef = D2162D8E2073C15E00260BC0 /* MainMenu.xib */; };
		D2162D932073C15E00260BC0 /* main.m in Sources */ = {isa = PBXBuildFile; fileRef = D2162D922073C15E00260BC0 /* main.m */; };
		D2162DA3207463D700260BC0 /* FFMAboutWC.m in Sources */ = {isa = PBXBuildFile; fileRef = D2162DA1207463D700260BC0 /* FFMAboutWC.m */; };
		D2162DA4207463D700260BC0 /* FFMAboutWC.xib in Resources */ = {isa = PBXBuildFile; fileRef = D2162DA2207463D700260BC0 /* FFMAboutWC.xib */; };
		D2162DA82074685E00260BC0 /* FFMAuthorization.m in Sources */ = {isa = PBXBuildFile; fileRef = D2162DA72074685E00260BC0 /* FFMAuthorization.m */; };
		D2162DB22074AC8F00260BC0 /* FFMPreferencesWC.m in Sources */ = {isa = PBXBuildFile; fileRef = D2162DB02074AC8F00260BC0 /* FFMPreferencesWC.m */; };
		D2162DB32074AC8F00260BC0 /* FFMPreferencesWC.xib in Resources */ = {isa = PBXBuildFile; fileRef = D2162DB12074AC8F00260BC0 /* FFMPreferencesWC.xib */; };
		D2162DC42074AE6E00260BC0 /* FFMNibHelper.m in Sources */ = {isa = PBXBuildFile; fileRef = D2162DC32074AE6E00260BC0 /* FFMNibHelper.m */; };
		D2540B14207A1B0400C01C4B /* FFMOutputWC.m in Sources */ = {isa = PBXBuildFile; fileRef = D2540B12207A1B0400C01C4B /* FFMOutputWC.m */; };
		D2540B15207A1B0400C01C4B /* FFMOutputWC.xib in Resources */ = {isa = PBXBuildFile; fileRef = D2540B13207A1B0400C01C4B /* FFMOutputWC.xib */; };
		D2540B19207A383C00C01C4B /* FFMShellTask.m in Sources */ = {isa = PBXBuildFile; fileRef = D2540B18207A383C00C01C4B /* FFMShellTask.m */; };
		D2540B68207CE58E00C01C4B /* shell.bundle in Resources */ = {isa = PBXBuildFile; fileRef = D2540B67207CE58D00C01C4B /* shell.bundle */; };
		D2540B6A207CE63200C01C4B /* plist.bundle in Resources */ = {isa = PBXBuildFile; fileRef = D2540B69207CE63200C01C4B /* plist.bundle */; };
		D2D24EE12074C76E008CEB8E /* FFMGitRepoSettingWC.m in Sources */ = {isa = PBXBuildFile; fileRef = D2D24EDF2074C76E008CEB8E /* FFMGitRepoSettingWC.m */; };
		D2D24EE22074C76E008CEB8E /* FFMGitRepoSettingWC.xib in Resources */ = {isa = PBXBuildFile; fileRef = D2D24EE02074C76E008CEB8E /* FFMGitRepoSettingWC.xib */; };
		D2D24EE62074D568008CEB8E /* FFMBaseView.m in Sources */ = {isa = PBXBuildFile; fileRef = D2D24EE52074D568008CEB8E /* FFMBaseView.m */; };
		D2D24EE92079BD4B008CEB8E /* FFMUtils.m in Sources */ = {isa = PBXBuildFile; fileRef = D2D24EE82079BD4B008CEB8E /* FFMUtils.m */; };
		D2D24EF12079C609008CEB8E /* FFMWorkPathVC.m in Sources */ = {isa = PBXBuildFile; fileRef = D2D24EEF2079C609008CEB8E /* FFMWorkPathVC.m */; };
		D2D24EF22079C609008CEB8E /* FFMWorkPathVC.xib in Resources */ = {isa = PBXBuildFile; fileRef = D2D24EF02079C609008CEB8E /* FFMWorkPathVC.xib */; };
		D2D24EF62079E6E5008CEB8E /* FFMPgySettingVC.m in Sources */ = {isa = PBXBuildFile; fileRef = D2D24EF42079E6E5008CEB8E /* FFMPgySettingVC.m */; };
		D2D24EF72079E6E5008CEB8E /* FFMPgySettingVC.xib in Resources */ = {isa = PBXBuildFile; fileRef = D2D24EF52079E6E5008CEB8E /* FFMPgySettingVC.xib */; };
		D2D24EFB2079F139008CEB8E /* FFMFirSettingVC.m in Sources */ = {isa = PBXBuildFile; fileRef = D2D24EF92079F139008CEB8E /* FFMFirSettingVC.m */; };
		D2D24EFC2079F139008CEB8E /* FFMFirSettingVC.xib in Resources */ = {isa = PBXBuildFile; fileRef = D2D24EFA2079F139008CEB8E /* FFMFirSettingVC.xib */; };
		D2D24F002079F14F008CEB8E /* FFMTestFlightSettingVC.m in Sources */ = {isa = PBXBuildFile; fileRef = D2D24EFE2079F14F008CEB8E /* FFMTestFlightSettingVC.m */; };
		D2D24F012079F14F008CEB8E /* FFMTestFlightSettingVC.xib in Resources */ = {isa = PBXBuildFile; fileRef = D2D24EFF2079F14F008CEB8E /* FFMTestFlightSettingVC.xib */; };
		D2F076B6207DB4A100C7C829 /* FFMUserDefault.m in Sources */ = {isa = PBXBuildFile; fileRef = D2F076B4207DB4A100C7C829 /* FFMUserDefault.m */; };
		D2F076B7207DB4A100C7C829 /* FFMUserDefaultsManager.m in Sources */ = {isa = PBXBuildFile; fileRef = D2F076B5207DB4A100C7C829 /* FFMUserDefaultsManager.m */; };
		D2F076BB207DB4A800C7C829 /* CocoaClass.m in Sources */ = {isa = PBXBuildFile; fileRef = D2F076BA207DB4A800C7C829 /* CocoaClass.m */; };
/* End PBXBuildFile section */

/* Begin PBXFileReference section */
		021AE5A32073D5FD00DB96A9 /* FFMConstants.h */ = {isa = PBXFileReference; fileEncoding = 4; lastKnownFileType = sourcecode.c.h; path = FFMConstants.h; sourceTree = "<group>"; };
		021AE5A42073D5FD00DB96A9 /* FFMConstants.m */ = {isa = PBXFileReference; fileEncoding = 4; lastKnownFileType = sourcecode.c.objc; path = FFMConstants.m; sourceTree = "<group>"; };
		021AE5BD2073DBB800DB96A9 /* FFMWindowController.h */ = {isa = PBXFileReference; fileEncoding = 4; lastKnownFileType = sourcecode.c.h; path = FFMWindowController.h; sourceTree = "<group>"; };
		021AE5BE2073DBB800DB96A9 /* FFMWindowController.m */ = {isa = PBXFileReference; fileEncoding = 4; lastKnownFileType = sourcecode.c.objc; path = FFMWindowController.m; sourceTree = "<group>"; };
		021AE5BF2073DBB800DB96A9 /* FFMWindowController.xib */ = {isa = PBXFileReference; fileEncoding = 4; lastKnownFileType = file.xib; path = FFMWindowController.xib; sourceTree = "<group>"; };
		D2162D862073C15E00260BC0 /* 一键分发工具.app */ = {isa = PBXFileReference; explicitFileType = wrapper.application; includeInIndex = 0; path = "一键分发工具.app"; sourceTree = BUILT_PRODUCTS_DIR; };
		D2162D892073C15E00260BC0 /* AppDelegate.h */ = {isa = PBXFileReference; lastKnownFileType = sourcecode.c.h; path = AppDelegate.h; sourceTree = "<group>"; };
		D2162D8A2073C15E00260BC0 /* AppDelegate.m */ = {isa = PBXFileReference; lastKnownFileType = sourcecode.c.objc; path = AppDelegate.m; sourceTree = "<group>"; };
		D2162D8C2073C15E00260BC0 /* Assets.xcassets */ = {isa = PBXFileReference; lastKnownFileType = folder.assetcatalog; path = Assets.xcassets; sourceTree = "<group>"; };
		D2162D8F2073C15E00260BC0 /* Base */ = {isa = PBXFileReference; lastKnownFileType = file.xib; name = Base; path = Base.lproj/MainMenu.xib; sourceTree = "<group>"; };
		D2162D912073C15E00260BC0 /* Info.plist */ = {isa = PBXFileReference; lastKnownFileType = text.plist.xml; path = Info.plist; sourceTree = "<group>"; };
		D2162D922073C15E00260BC0 /* main.m */ = {isa = PBXFileReference; lastKnownFileType = sourcecode.c.objc; path = main.m; sourceTree = "<group>"; };
		D2162D9B2073C20800260BC0 /* FFMPrefixHeader.pch */ = {isa = PBXFileReference; lastKnownFileType = sourcecode.c.h; path = FFMPrefixHeader.pch; sourceTree = "<group>"; };
		D2162DA0207463D700260BC0 /* FFMAboutWC.h */ = {isa = PBXFileReference; lastKnownFileType = sourcecode.c.h; path = FFMAboutWC.h; sourceTree = "<group>"; };
		D2162DA1207463D700260BC0 /* FFMAboutWC.m */ = {isa = PBXFileReference; lastKnownFileType = sourcecode.c.objc; path = FFMAboutWC.m; sourceTree = "<group>"; };
		D2162DA2207463D700260BC0 /* FFMAboutWC.xib */ = {isa = PBXFileReference; lastKnownFileType = file.xib; path = FFMAboutWC.xib; sourceTree = "<group>"; };
		D2162DA62074685E00260BC0 /* FFMAuthorization.h */ = {isa = PBXFileReference; lastKnownFileType = sourcecode.c.h; path = FFMAuthorization.h; sourceTree = "<group>"; };
		D2162DA72074685E00260BC0 /* FFMAuthorization.m */ = {isa = PBXFileReference; lastKnownFileType = sourcecode.c.objc; path = FFMAuthorization.m; sourceTree = "<group>"; };
		D2162DAF2074AC8F00260BC0 /* FFMPreferencesWC.h */ = {isa = PBXFileReference; lastKnownFileType = sourcecode.c.h; path = FFMPreferencesWC.h; sourceTree = "<group>"; };
		D2162DB02074AC8F00260BC0 /* FFMPreferencesWC.m */ = {isa = PBXFileReference; lastKnownFileType = sourcecode.c.objc; path = FFMPreferencesWC.m; sourceTree = "<group>"; };
		D2162DB12074AC8F00260BC0 /* FFMPreferencesWC.xib */ = {isa = PBXFileReference; lastKnownFileType = file.xib; path = FFMPreferencesWC.xib; sourceTree = "<group>"; };
		D2162DC22074AE6E00260BC0 /* FFMNibHelper.h */ = {isa = PBXFileReference; lastKnownFileType = sourcecode.c.h; path = FFMNibHelper.h; sourceTree = "<group>"; };
		D2162DC32074AE6E00260BC0 /* FFMNibHelper.m */ = {isa = PBXFileReference; lastKnownFileType = sourcecode.c.objc; path = FFMNibHelper.m; sourceTree = "<group>"; };
		D2540B11207A1B0400C01C4B /* FFMOutputWC.h */ = {isa = PBXFileReference; lastKnownFileType = sourcecode.c.h; path = FFMOutputWC.h; sourceTree = "<group>"; };
		D2540B12207A1B0400C01C4B /* FFMOutputWC.m */ = {isa = PBXFileReference; lastKnownFileType = sourcecode.c.objc; path = FFMOutputWC.m; sourceTree = "<group>"; };
		D2540B13207A1B0400C01C4B /* FFMOutputWC.xib */ = {isa = PBXFileReference; lastKnownFileType = file.xib; path = FFMOutputWC.xib; sourceTree = "<group>"; };
		D2540B17207A383C00C01C4B /* FFMShellTask.h */ = {isa = PBXFileReference; lastKnownFileType = sourcecode.c.h; path = FFMShellTask.h; sourceTree = "<group>"; };
		D2540B18207A383C00C01C4B /* FFMShellTask.m */ = {isa = PBXFileReference; lastKnownFileType = sourcecode.c.objc; path = FFMShellTask.m; sourceTree = "<group>"; };
		D2540B67207CE58D00C01C4B /* shell.bundle */ = {isa = PBXFileReference; lastKnownFileType = "wrapper.plug-in"; path = shell.bundle; sourceTree = "<group>"; };
		D2540B69207CE63200C01C4B /* plist.bundle */ = {isa = PBXFileReference; lastKnownFileType = "wrapper.plug-in"; path = plist.bundle; sourceTree = "<group>"; };
		D2D24EDE2074C76E008CEB8E /* FFMGitRepoSettingWC.h */ = {isa = PBXFileReference; lastKnownFileType = sourcecode.c.h; path = FFMGitRepoSettingWC.h; sourceTree = "<group>"; };
		D2D24EDF2074C76E008CEB8E /* FFMGitRepoSettingWC.m */ = {isa = PBXFileReference; lastKnownFileType = sourcecode.c.objc; path = FFMGitRepoSettingWC.m; sourceTree = "<group>"; };
		D2D24EE02074C76E008CEB8E /* FFMGitRepoSettingWC.xib */ = {isa = PBXFileReference; lastKnownFileType = file.xib; path = FFMGitRepoSettingWC.xib; sourceTree = "<group>"; };
		D2D24EE42074D568008CEB8E /* FFMBaseView.h */ = {isa = PBXFileReference; lastKnownFileType = sourcecode.c.h; path = FFMBaseView.h; sourceTree = "<group>"; };
		D2D24EE52074D568008CEB8E /* FFMBaseView.m */ = {isa = PBXFileReference; lastKnownFileType = sourcecode.c.objc; path = FFMBaseView.m; sourceTree = "<group>"; };
		D2D24EE72079BD4B008CEB8E /* FFMUtils.h */ = {isa = PBXFileReference; lastKnownFileType = sourcecode.c.h; path = FFMUtils.h; sourceTree = "<group>"; };
		D2D24EE82079BD4B008CEB8E /* FFMUtils.m */ = {isa = PBXFileReference; lastKnownFileType = sourcecode.c.objc; path = FFMUtils.m; sourceTree = "<group>"; };
		D2D24EEE2079C609008CEB8E /* FFMWorkPathVC.h */ = {isa = PBXFileReference; lastKnownFileType = sourcecode.c.h; path = FFMWorkPathVC.h; sourceTree = "<group>"; };
		D2D24EEF2079C609008CEB8E /* FFMWorkPathVC.m */ = {isa = PBXFileReference; lastKnownFileType = sourcecode.c.objc; path = FFMWorkPathVC.m; sourceTree = "<group>"; };
		D2D24EF02079C609008CEB8E /* FFMWorkPathVC.xib */ = {isa = PBXFileReference; lastKnownFileType = file.xib; path = FFMWorkPathVC.xib; sourceTree = "<group>"; };
		D2D24EF32079E6E5008CEB8E /* FFMPgySettingVC.h */ = {isa = PBXFileReference; lastKnownFileType = sourcecode.c.h; path = FFMPgySettingVC.h; sourceTree = "<group>"; };
		D2D24EF42079E6E5008CEB8E /* FFMPgySettingVC.m */ = {isa = PBXFileReference; lastKnownFileType = sourcecode.c.objc; path = FFMPgySettingVC.m; sourceTree = "<group>"; };
		D2D24EF52079E6E5008CEB8E /* FFMPgySettingVC.xib */ = {isa = PBXFileReference; lastKnownFileType = file.xib; path = FFMPgySettingVC.xib; sourceTree = "<group>"; };
		D2D24EF82079F139008CEB8E /* FFMFirSettingVC.h */ = {isa = PBXFileReference; lastKnownFileType = sourcecode.c.h; path = FFMFirSettingVC.h; sourceTree = "<group>"; };
		D2D24EF92079F139008CEB8E /* FFMFirSettingVC.m */ = {isa = PBXFileReference; lastKnownFileType = sourcecode.c.objc; path = FFMFirSettingVC.m; sourceTree = "<group>"; };
		D2D24EFA2079F139008CEB8E /* FFMFirSettingVC.xib */ = {isa = PBXFileReference; lastKnownFileType = file.xib; path = FFMFirSettingVC.xib; sourceTree = "<group>"; };
		D2D24EFD2079F14F008CEB8E /* FFMTestFlightSettingVC.h */ = {isa = PBXFileReference; lastKnownFileType = sourcecode.c.h; path = FFMTestFlightSettingVC.h; sourceTree = "<group>"; };
		D2D24EFE2079F14F008CEB8E /* FFMTestFlightSettingVC.m */ = {isa = PBXFileReference; lastKnownFileType = sourcecode.c.objc; path = FFMTestFlightSettingVC.m; sourceTree = "<group>"; };
		D2D24EFF2079F14F008CEB8E /* FFMTestFlightSettingVC.xib */ = {isa = PBXFileReference; lastKnownFileType = file.xib; path = FFMTestFlightSettingVC.xib; sourceTree = "<group>"; };
		D2F076B2207DB4A100C7C829 /* FFMUserDefault.h */ = {isa = PBXFileReference; fileEncoding = 4; lastKnownFileType = sourcecode.c.h; path = FFMUserDefault.h; sourceTree = "<group>"; };
		D2F076B3207DB4A100C7C829 /* FFMUserDefaultsManager.h */ = {isa = PBXFileReference; fileEncoding = 4; lastKnownFileType = sourcecode.c.h; path = FFMUserDefaultsManager.h; sourceTree = "<group>"; };
		D2F076B4207DB4A100C7C829 /* FFMUserDefault.m */ = {isa = PBXFileReference; fileEncoding = 4; lastKnownFileType = sourcecode.c.objc; path = FFMUserDefault.m; sourceTree = "<group>"; };
		D2F076B5207DB4A100C7C829 /* FFMUserDefaultsManager.m */ = {isa = PBXFileReference; fileEncoding = 4; lastKnownFileType = sourcecode.c.objc; path = FFMUserDefaultsManager.m; sourceTree = "<group>"; };
		D2F076B9207DB4A800C7C829 /* CocoaClass.h */ = {isa = PBXFileReference; fileEncoding = 4; lastKnownFileType = sourcecode.c.h; path = CocoaClass.h; sourceTree = "<group>"; };
		D2F076BA207DB4A800C7C829 /* CocoaClass.m */ = {isa = PBXFileReference; fileEncoding = 4; lastKnownFileType = sourcecode.c.objc; path = CocoaClass.m; sourceTree = "<group>"; };
/* End PBXFileReference section */

/* Begin PBXFrameworksBuildPhase section */
		D2162D832073C15E00260BC0 /* Frameworks */ = {
			isa = PBXFrameworksBuildPhase;
			buildActionMask = 2147483647;
			files = (
			);
			runOnlyForDeploymentPostprocessing = 0;
		};
/* End PBXFrameworksBuildPhase section */

/* Begin PBXGroup section */
		021AE5992073D11500DB96A9 /* Components */ = {
			isa = PBXGroup;
			children = (
				D2540B10207A1AE000C01C4B /* Output */,
				D2162D9E20745D4400260BC0 /* Root */,
				D2162DA920746CB400260BC0 /* Preferences */,
				D2D24EDD2074C73F008CEB8E /* GitRepo */,
				D2162D9F20745D6A00260BC0 /* About */,
			);
			path = Components;
			sourceTree = "<group>";
		};
		021AE59A2073D11500DB96A9 /* Core */ = {
			isa = PBXGroup;
			children = (
				D2540B16207A37EE00C01C4B /* ShellTask */,
				D2162DA52074680E00260BC0 /* Authorization */,
			);
			path = Core;
			sourceTree = "<group>";
		};
		021AE59B2073D11500DB96A9 /* Resources */ = {
			isa = PBXGroup;
			children = (
				D2540B69207CE63200C01C4B /* plist.bundle */,
				D2540B67207CE58D00C01C4B /* shell.bundle */,
			);
			path = Resources;
			sourceTree = "<group>";
		};
		021AE59C2073D11500DB96A9 /* Utils */ = {
			isa = PBXGroup;
			children = (
				D2F076B0207DB47C00C7C829 /* Tools */,
				D2D24EE32074D553008CEB8E /* UI */,
				D2162DBE2074ADFC00260BC0 /* Ext */,
				021AE5A32073D5FD00DB96A9 /* FFMConstants.h */,
				021AE5A42073D5FD00DB96A9 /* FFMConstants.m */,
				D2D24EE72079BD4B008CEB8E /* FFMUtils.h */,
				D2D24EE82079BD4B008CEB8E /* FFMUtils.m */,
			);
			path = Utils;
			sourceTree = "<group>";
		};
		D2162D7D2073C15E00260BC0 = {
			isa = PBXGroup;
			children = (
				D2162D882073C15E00260BC0 /* FFMAutoDistribution */,
				D2162D872073C15E00260BC0 /* Products */,
			);
			sourceTree = "<group>";
		};
		D2162D872073C15E00260BC0 /* Products */ = {
			isa = PBXGroup;
			children = (
				D2162D862073C15E00260BC0 /* 一键分发工具.app */,
			);
			name = Products;
			sourceTree = "<group>";
		};
		D2162D882073C15E00260BC0 /* FFMAutoDistribution */ = {
			isa = PBXGroup;
			children = (
				D2162D892073C15E00260BC0 /* AppDelegate.h */,
				D2162D8A2073C15E00260BC0 /* AppDelegate.m */,
				021AE5992073D11500DB96A9 /* Components */,
				021AE59A2073D11500DB96A9 /* Core */,
				021AE59C2073D11500DB96A9 /* Utils */,
				021AE59B2073D11500DB96A9 /* Resources */,
				D2162D9A2073C1A600260BC0 /* SupportingFiles */,
			);
			path = FFMAutoDistribution;
			sourceTree = "<group>";
		};
		D2162D9A2073C1A600260BC0 /* SupportingFiles */ = {
			isa = PBXGroup;
			children = (
				D2162D8E2073C15E00260BC0 /* MainMenu.xib */,
				D2162D8C2073C15E00260BC0 /* Assets.xcassets */,
				D2162D912073C15E00260BC0 /* Info.plist */,
				D2162D922073C15E00260BC0 /* main.m */,
				D2162D9B2073C20800260BC0 /* FFMPrefixHeader.pch */,
			);
			path = SupportingFiles;
			sourceTree = "<group>";
		};
		D2162D9E20745D4400260BC0 /* Root */ = {
			isa = PBXGroup;
			children = (
				021AE5BD2073DBB800DB96A9 /* FFMWindowController.h */,
				021AE5BE2073DBB800DB96A9 /* FFMWindowController.m */,
				021AE5BF2073DBB800DB96A9 /* FFMWindowController.xib */,
			);
			path = Root;
			sourceTree = "<group>";
		};
		D2162D9F20745D6A00260BC0 /* About */ = {
			isa = PBXGroup;
			children = (
				D2162DA0207463D700260BC0 /* FFMAboutWC.h */,
				D2162DA1207463D700260BC0 /* FFMAboutWC.m */,
				D2162DA2207463D700260BC0 /* FFMAboutWC.xib */,
			);
			path = About;
			sourceTree = "<group>";
		};
		D2162DA52074680E00260BC0 /* Authorization */ = {
			isa = PBXGroup;
			children = (
				D2162DA62074685E00260BC0 /* FFMAuthorization.h */,
				D2162DA72074685E00260BC0 /* FFMAuthorization.m */,
			);
			path = Authorization;
			sourceTree = "<group>";
		};
		D2162DA920746CB400260BC0 /* Preferences */ = {
			isa = PBXGroup;
			children = (
				D2D24EED2079C5EC008CEB8E /* WorkPath */,
				D2D24EEC2079C5E4008CEB8E /* TestFlight */,
				D2D24EEB2079C5DF008CEB8E /* Fir */,
				D2D24EEA2079C5D4008CEB8E /* Pgy */,
				D2162DAF2074AC8F00260BC0 /* FFMPreferencesWC.h */,
				D2162DB02074AC8F00260BC0 /* FFMPreferencesWC.m */,
				D2162DB12074AC8F00260BC0 /* FFMPreferencesWC.xib */,
			);
			path = Preferences;
			sourceTree = "<group>";
		};
		D2162DBE2074ADFC00260BC0 /* Ext */ = {
			isa = PBXGroup;
			children = (
				D2162DC22074AE6E00260BC0 /* FFMNibHelper.h */,
				D2162DC32074AE6E00260BC0 /* FFMNibHelper.m */,
			);
			path = Ext;
			sourceTree = "<group>";
		};
		D2540B10207A1AE000C01C4B /* Output */ = {
			isa = PBXGroup;
			children = (
				D2540B11207A1B0400C01C4B /* FFMOutputWC.h */,
				D2540B12207A1B0400C01C4B /* FFMOutputWC.m */,
				D2540B13207A1B0400C01C4B /* FFMOutputWC.xib */,
			);
			path = Output;
			sourceTree = "<group>";
		};
		D2540B16207A37EE00C01C4B /* ShellTask */ = {
			isa = PBXGroup;
			children = (
				D2540B17207A383C00C01C4B /* FFMShellTask.h */,
				D2540B18207A383C00C01C4B /* FFMShellTask.m */,
			);
			path = ShellTask;
			sourceTree = "<group>";
		};
		D2D24EDD2074C73F008CEB8E /* GitRepo */ = {
			isa = PBXGroup;
			children = (
				D2D24EDE2074C76E008CEB8E /* FFMGitRepoSettingWC.h */,
				D2D24EDF2074C76E008CEB8E /* FFMGitRepoSettingWC.m */,
				D2D24EE02074C76E008CEB8E /* FFMGitRepoSettingWC.xib */,
			);
			path = GitRepo;
			sourceTree = "<group>";
		};
		D2D24EE32074D553008CEB8E /* UI */ = {
			isa = PBXGroup;
			children = (
				D2D24EE42074D568008CEB8E /* FFMBaseView.h */,
				D2D24EE52074D568008CEB8E /* FFMBaseView.m */,
			);
			path = UI;
			sourceTree = "<group>";
		};
		D2D24EEA2079C5D4008CEB8E /* Pgy */ = {
			isa = PBXGroup;
			children = (
				D2D24EF32079E6E5008CEB8E /* FFMPgySettingVC.h */,
				D2D24EF42079E6E5008CEB8E /* FFMPgySettingVC.m */,
				D2D24EF52079E6E5008CEB8E /* FFMPgySettingVC.xib */,
			);
			path = Pgy;
			sourceTree = "<group>";
		};
		D2D24EEB2079C5DF008CEB8E /* Fir */ = {
			isa = PBXGroup;
			children = (
				D2D24EF82079F139008CEB8E /* FFMFirSettingVC.h */,
				D2D24EF92079F139008CEB8E /* FFMFirSettingVC.m */,
				D2D24EFA2079F139008CEB8E /* FFMFirSettingVC.xib */,
			);
			path = Fir;
			sourceTree = "<group>";
		};
		D2D24EEC2079C5E4008CEB8E /* TestFlight */ = {
			isa = PBXGroup;
			children = (
				D2D24EFD2079F14F008CEB8E /* FFMTestFlightSettingVC.h */,
				D2D24EFE2079F14F008CEB8E /* FFMTestFlightSettingVC.m */,
				D2D24EFF2079F14F008CEB8E /* FFMTestFlightSettingVC.xib */,
			);
			path = TestFlight;
			sourceTree = "<group>";
		};
		D2D24EED2079C5EC008CEB8E /* WorkPath */ = {
			isa = PBXGroup;
			children = (
				D2D24EEE2079C609008CEB8E /* FFMWorkPathVC.h */,
				D2D24EEF2079C609008CEB8E /* FFMWorkPathVC.m */,
				D2D24EF02079C609008CEB8E /* FFMWorkPathVC.xib */,
			);
			path = WorkPath;
			sourceTree = "<group>";
		};
		D2F076B0207DB47C00C7C829 /* Tools */ = {
			isa = PBXGroup;
			children = (
				D2F076B8207DB4A800C7C829 /* Kernel */,
				D2F076B1207DB4A100C7C829 /* UesrDefault */,
			);
			path = Tools;
			sourceTree = "<group>";
		};
		D2F076B1207DB4A100C7C829 /* UesrDefault */ = {
			isa = PBXGroup;
			children = (
				D2F076B2207DB4A100C7C829 /* FFMUserDefault.h */,
				D2F076B4207DB4A100C7C829 /* FFMUserDefault.m */,
				D2F076B3207DB4A100C7C829 /* FFMUserDefaultsManager.h */,
				D2F076B5207DB4A100C7C829 /* FFMUserDefaultsManager.m */,
			);
			path = UesrDefault;
			sourceTree = "<group>";
		};
		D2F076B8207DB4A800C7C829 /* Kernel */ = {
			isa = PBXGroup;
			children = (
				D2F076B9207DB4A800C7C829 /* CocoaClass.h */,
				D2F076BA207DB4A800C7C829 /* CocoaClass.m */,
			);
			path = Kernel;
			sourceTree = "<group>";
		};
/* End PBXGroup section */

/* Begin PBXNativeTarget section */
		D2162D852073C15E00260BC0 /* FFMAutoDistribution */ = {
			isa = PBXNativeTarget;
			buildConfigurationList = D2162D972073C15E00260BC0 /* Build configuration list for PBXNativeTarget "FFMAutoDistribution" */;
			buildPhases = (
				D2162D822073C15E00260BC0 /* Sources */,
				D2162D832073C15E00260BC0 /* Frameworks */,
				D2162D842073C15E00260BC0 /* Resources */,
				021AE5A22073D3F600DB96A9 /* Increase Build Number */,
				D2540B4E207CDCB700C01C4B /* Copy App To Share */,
			);
			buildRules = (
			);
			dependencies = (
			);
			name = FFMAutoDistribution;
			productName = FFMAutoDistribution;
			productReference = D2162D862073C15E00260BC0 /* 一键分发工具.app */;
			productType = "com.apple.product-type.application";
		};
/* End PBXNativeTarget section */

/* Begin PBXProject section */
		D2162D7E2073C15E00260BC0 /* Project object */ = {
			isa = PBXProject;
			attributes = {
				CLASSPREFIX = FFM;
				LastUpgradeCheck = 0910;
				ORGANIZATIONNAME = "常润泽";
				TargetAttributes = {
					D2162D852073C15E00260BC0 = {
						CreatedOnToolsVersion = 9.1;
						ProvisioningStyle = Automatic;
						SystemCapabilities = {
							com.apple.Sandbox = {
								enabled = 0;
							};
						};
					};
				};
			};
			buildConfigurationList = D2162D812073C15E00260BC0 /* Build configuration list for PBXProject "FFMAutoDistribution" */;
			compatibilityVersion = "Xcode 8.0";
			developmentRegion = en;
			hasScannedForEncodings = 0;
			knownRegions = (
				Base,
			);
			mainGroup = D2162D7D2073C15E00260BC0;
			productRefGroup = D2162D872073C15E00260BC0 /* Products */;
			projectDirPath = "";
			projectRoot = "";
			targets = (
				D2162D852073C15E00260BC0 /* FFMAutoDistribution */,
			);
		};
/* End PBXProject section */

/* Begin PBXResourcesBuildPhase section */
		D2162D842073C15E00260BC0 /* Resources */ = {
			isa = PBXResourcesBuildPhase;
			buildActionMask = 2147483647;
			files = (
				D2540B6A207CE63200C01C4B /* plist.bundle in Resources */,
				D2162DB32074AC8F00260BC0 /* FFMPreferencesWC.xib in Resources */,
				D2162DA4207463D700260BC0 /* FFMAboutWC.xib in Resources */,
				D2162D8D2073C15E00260BC0 /* Assets.xcassets in Resources */,
				D2D24EF22079C609008CEB8E /* FFMWorkPathVC.xib in Resources */,
				D2D24EFC2079F139008CEB8E /* FFMFirSettingVC.xib in Resources */,
				D2D24F012079F14F008CEB8E /* FFMTestFlightSettingVC.xib in Resources */,
				D2D24EE22074C76E008CEB8E /* FFMGitRepoSettingWC.xib in Resources */,
				021AE5C12073DBB800DB96A9 /* FFMWindowController.xib in Resources */,
				D2162D902073C15E00260BC0 /* MainMenu.xib in Resources */,
				D2540B15207A1B0400C01C4B /* FFMOutputWC.xib in Resources */,
				D2540B68207CE58E00C01C4B /* shell.bundle in Resources */,
				D2D24EF72079E6E5008CEB8E /* FFMPgySettingVC.xib in Resources */,
			);
			runOnlyForDeploymentPostprocessing = 0;
		};
/* End PBXResourcesBuildPhase section */

/* Begin PBXShellScriptBuildPhase section */
		021AE5A22073D3F600DB96A9 /* Increase Build Number */ = {
			isa = PBXShellScriptBuildPhase;
			buildActionMask = 2147483647;
			files = (
			);
			inputPaths = (
			);
			name = "Increase Build Number";
			outputPaths = (
			);
			runOnlyForDeploymentPostprocessing = 0;
			shellPath = /bin/sh;
			shellScript = "version=`/usr/libexec/PlistBuddy -c \"Print CFBundleVersion\" $PRODUCT_SETTINGS_PATH`\nversion=`expr $version + 1`\n/usr/libexec/PlistBuddy -c \"Set :CFBundleVersion $version\" $PRODUCT_SETTINGS_PATH";
		};
		D2540B4E207CDCB700C01C4B /* Copy App To Share */ = {
			isa = PBXShellScriptBuildPhase;
			buildActionMask = 2147483647;
			files = (
			);
			inputPaths = (
			);
			name = "Copy App To Share";
			outputPaths = (
			);
			runOnlyForDeploymentPostprocessing = 0;
			shellPath = /bin/sh;
			shellScript = "PRODUCT=$BUILT_PRODUCTS_DIR/$PRODUCT_NAME\nTOOL=\"/Users/Shared/software/打包工具/一键分发工具.app\"\nrm -rf $TOOL\ncp -a \"$PRODUCT.app\" \"$TOOL\"";
		};
/* End PBXShellScriptBuildPhase section */

/* Begin PBXSourcesBuildPhase section */
		D2162D822073C15E00260BC0 /* Sources */ = {
			isa = PBXSourcesBuildPhase;
			buildActionMask = 2147483647;
			files = (
				D2D24EE12074C76E008CEB8E /* FFMGitRepoSettingWC.m in Sources */,
				021AE5A52073D5FD00DB96A9 /* FFMConstants.m in Sources */,
				D2F076B6207DB4A100C7C829 /* FFMUserDefault.m in Sources */,
				021AE5C02073DBB800DB96A9 /* FFMWindowController.m in Sources */,
				D2D24EF12079C609008CEB8E /* FFMWorkPathVC.m in Sources */,
				D2D24EF62079E6E5008CEB8E /* FFMPgySettingVC.m in Sources */,
				D2540B19207A383C00C01C4B /* FFMShellTask.m in Sources */,
				D2F076B7207DB4A100C7C829 /* FFMUserDefaultsManager.m in Sources */,
				D2D24EE62074D568008CEB8E /* FFMBaseView.m in Sources */,
				D2D24F002079F14F008CEB8E /* FFMTestFlightSettingVC.m in Sources */,
				D2162DC42074AE6E00260BC0 /* FFMNibHelper.m in Sources */,
				D2162DA3207463D700260BC0 /* FFMAboutWC.m in Sources */,
				D2162DB22074AC8F00260BC0 /* FFMPreferencesWC.m in Sources */,
				D2162D932073C15E00260BC0 /* main.m in Sources */,
				D2F076BB207DB4A800C7C829 /* CocoaClass.m in Sources */,
				D2D24EFB2079F139008CEB8E /* FFMFirSettingVC.m in Sources */,
				D2540B14207A1B0400C01C4B /* FFMOutputWC.m in Sources */,
				D2162D8B2073C15E00260BC0 /* AppDelegate.m in Sources */,
				D2162DA82074685E00260BC0 /* FFMAuthorization.m in Sources */,
				D2D24EE92079BD4B008CEB8E /* FFMUtils.m in Sources */,
			);
			runOnlyForDeploymentPostprocessing = 0;
		};
/* End PBXSourcesBuildPhase section */

/* Begin PBXVariantGroup section */
		D2162D8E2073C15E00260BC0 /* MainMenu.xib */ = {
			isa = PBXVariantGroup;
			children = (
				D2162D8F2073C15E00260BC0 /* Base */,
			);
			name = MainMenu.xib;
			sourceTree = "<group>";
		};
/* End PBXVariantGroup section */

/* Begin XCBuildConfiguration section */
		D2162D952073C15E00260BC0 /* Debug */ = {
			isa = XCBuildConfiguration;
			buildSettings = {
				ALWAYS_SEARCH_USER_PATHS = NO;
				CLANG_ANALYZER_NONNULL = YES;
				CLANG_ANALYZER_NUMBER_OBJECT_CONVERSION = YES_AGGRESSIVE;
				CLANG_CXX_LANGUAGE_STANDARD = "gnu++14";
				CLANG_CXX_LIBRARY = "libc++";
				CLANG_ENABLE_MODULES = YES;
				CLANG_ENABLE_OBJC_ARC = YES;
				CLANG_WARN_BLOCK_CAPTURE_AUTORELEASING = YES;
				CLANG_WARN_BOOL_CONVERSION = YES;
				CLANG_WARN_COMMA = YES;
				CLANG_WARN_CONSTANT_CONVERSION = YES;
				CLANG_WARN_DIRECT_OBJC_ISA_USAGE = YES_ERROR;
				CLANG_WARN_DOCUMENTATION_COMMENTS = YES;
				CLANG_WARN_EMPTY_BODY = YES;
				CLANG_WARN_ENUM_CONVERSION = YES;
				CLANG_WARN_INFINITE_RECURSION = YES;
				CLANG_WARN_INT_CONVERSION = YES;
				CLANG_WARN_NON_LITERAL_NULL_CONVERSION = YES;
				CLANG_WARN_OBJC_LITERAL_CONVERSION = YES;
				CLANG_WARN_OBJC_ROOT_CLASS = YES_ERROR;
				CLANG_WARN_RANGE_LOOP_ANALYSIS = YES;
				CLANG_WARN_STRICT_PROTOTYPES = YES;
				CLANG_WARN_SUSPICIOUS_MOVE = YES;
				CLANG_WARN_UNGUARDED_AVAILABILITY = YES_AGGRESSIVE;
				CLANG_WARN_UNREACHABLE_CODE = YES;
				CLANG_WARN__DUPLICATE_METHOD_MATCH = YES;
				CODE_SIGN_IDENTITY = "";
				COPY_PHASE_STRIP = NO;
				DEBUG_INFORMATION_FORMAT = dwarf;
				ENABLE_STRICT_OBJC_MSGSEND = YES;
				ENABLE_TESTABILITY = YES;
				GCC_C_LANGUAGE_STANDARD = gnu11;
				GCC_DYNAMIC_NO_PIC = NO;
				GCC_NO_COMMON_BLOCKS = YES;
				GCC_OPTIMIZATION_LEVEL = 0;
				GCC_PREPROCESSOR_DEFINITIONS = (
					"DEBUG=1",
					"$(inherited)",
				);
				GCC_WARN_64_TO_32_BIT_CONVERSION = YES;
				GCC_WARN_ABOUT_RETURN_TYPE = YES_ERROR;
				GCC_WARN_UNDECLARED_SELECTOR = YES;
				GCC_WARN_UNINITIALIZED_AUTOS = YES_AGGRESSIVE;
				GCC_WARN_UNUSED_FUNCTION = YES;
				GCC_WARN_UNUSED_VARIABLE = YES;
				MACOSX_DEPLOYMENT_TARGET = 10.13;
				MTL_ENABLE_DEBUG_INFO = YES;
				ONLY_ACTIVE_ARCH = YES;
				SDKROOT = macosx;
			};
			name = Debug;
		};
		D2162D962073C15E00260BC0 /* Release */ = {
			isa = XCBuildConfiguration;
			buildSettings = {
				ALWAYS_SEARCH_USER_PATHS = NO;
				CLANG_ANALYZER_NONNULL = YES;
				CLANG_ANALYZER_NUMBER_OBJECT_CONVERSION = YES_AGGRESSIVE;
				CLANG_CXX_LANGUAGE_STANDARD = "gnu++14";
				CLANG_CXX_LIBRARY = "libc++";
				CLANG_ENABLE_MODULES = YES;
				CLANG_ENABLE_OBJC_ARC = YES;
				CLANG_WARN_BLOCK_CAPTURE_AUTORELEASING = YES;
				CLANG_WARN_BOOL_CONVERSION = YES;
				CLANG_WARN_COMMA = YES;
				CLANG_WARN_CONSTANT_CONVERSION = YES;
				CLANG_WARN_DIRECT_OBJC_ISA_USAGE = YES_ERROR;
				CLANG_WARN_DOCUMENTATION_COMMENTS = YES;
				CLANG_WARN_EMPTY_BODY = YES;
				CLANG_WARN_ENUM_CONVERSION = YES;
				CLANG_WARN_INFINITE_RECURSION = YES;
				CLANG_WARN_INT_CONVERSION = YES;
				CLANG_WARN_NON_LITERAL_NULL_CONVERSION = YES;
				CLANG_WARN_OBJC_LITERAL_CONVERSION = YES;
				CLANG_WARN_OBJC_ROOT_CLASS = YES_ERROR;
				CLANG_WARN_RANGE_LOOP_ANALYSIS = YES;
				CLANG_WARN_STRICT_PROTOTYPES = YES;
				CLANG_WARN_SUSPICIOUS_MOVE = YES;
				CLANG_WARN_UNGUARDED_AVAILABILITY = YES_AGGRESSIVE;
				CLANG_WARN_UNREACHABLE_CODE = YES;
				CLANG_WARN__DUPLICATE_METHOD_MATCH = YES;
				CODE_SIGN_IDENTITY = "";
				COPY_PHASE_STRIP = NO;
				DEBUG_INFORMATION_FORMAT = "dwarf-with-dsym";
				ENABLE_NS_ASSERTIONS = NO;
				ENABLE_STRICT_OBJC_MSGSEND = YES;
				GCC_C_LANGUAGE_STANDARD = gnu11;
				GCC_NO_COMMON_BLOCKS = YES;
				GCC_WARN_64_TO_32_BIT_CONVERSION = YES;
				GCC_WARN_ABOUT_RETURN_TYPE = YES_ERROR;
				GCC_WARN_UNDECLARED_SELECTOR = YES;
				GCC_WARN_UNINITIALIZED_AUTOS = YES_AGGRESSIVE;
				GCC_WARN_UNUSED_FUNCTION = YES;
				GCC_WARN_UNUSED_VARIABLE = YES;
				MACOSX_DEPLOYMENT_TARGET = 10.13;
				MTL_ENABLE_DEBUG_INFO = NO;
				SDKROOT = macosx;
			};
			name = Release;
		};
		D2162D982073C15E00260BC0 /* Debug */ = {
			isa = XCBuildConfiguration;
			buildSettings = {
				ASSETCATALOG_COMPILER_APPICON_NAME = AppIcon;
				CODE_SIGN_IDENTITY = "";
				CODE_SIGN_STYLE = Automatic;
				COMBINE_HIDPI_IMAGES = YES;
				CONFIGURATION_BUILD_DIR = "$(BUILD_DIR)/$(CONFIGURATION)$(EFFECTIVE_PLATFORM_NAME)";
				CURRENT_PROJECT_VERSION = "";
				DEVELOPMENT_TEAM = "";
				GCC_PREFIX_HEADER = "${SRCROOT}/$(TARGET_NAME)/SupportingFiles/FFMPrefixHeader.pch";
				INFOPLIST_FILE = "$(SRCROOT)/FFMAutoDistribution/SupportingFiles/Info.plist";
				LD_RUNPATH_SEARCH_PATHS = "$(inherited) @executable_path/../Frameworks";
				MACOSX_DEPLOYMENT_TARGET = 10.10;
				PRODUCT_BUNDLE_IDENTIFIER = com.stem.FFMAutoDistribution;
				PRODUCT_NAME = "一键分发工具";
				VERSIONING_SYSTEM = "";
			};
			name = Debug;
		};
		D2162D992073C15E00260BC0 /* Release */ = {
			isa = XCBuildConfiguration;
			buildSettings = {
				ASSETCATALOG_COMPILER_APPICON_NAME = AppIcon;
				CODE_SIGN_IDENTITY = "";
				CODE_SIGN_STYLE = Automatic;
				COMBINE_HIDPI_IMAGES = YES;
				CURRENT_PROJECT_VERSION = "";
				DEVELOPMENT_TEAM = "";
				GCC_PREFIX_HEADER = "${SRCROOT}/$(TARGET_NAME)/SupportingFiles/FFMPrefixHeader.pch";
				INFOPLIST_FILE = "$(SRCROOT)/FFMAutoDistribution/SupportingFiles/Info.plist";
				LD_RUNPATH_SEARCH_PATHS = "$(inherited) @executable_path/../Frameworks";
				MACOSX_DEPLOYMENT_TARGET = 10.10;
				PRODUCT_BUNDLE_IDENTIFIER = com.stem.FFMAutoDistribution;
				PRODUCT_NAME = "一键分发工具";
				VERSIONING_SYSTEM = "";
			};
			name = Release;
		};
/* End XCBuildConfiguration section */

/* Begin XCConfigurationList section */
		D2162D812073C15E00260BC0 /* Build configuration list for PBXProject "FFMAutoDistribution" */ = {
			isa = XCConfigurationList;
			buildConfigurations = (
				D2162D952073C15E00260BC0 /* Debug */,
				D2162D962073C15E00260BC0 /* Release */,
			);
			defaultConfigurationIsVisible = 0;
			defaultConfigurationName = Release;
		};
		D2162D972073C15E00260BC0 /* Build configuration list for PBXNativeTarget "FFMAutoDistribution" */ = {
			isa = XCConfigurationList;
			buildConfigurations = (
				D2162D982073C15E00260BC0 /* Debug */,
				D2162D992073C15E00260BC0 /* Release */,
			);
			defaultConfigurationIsVisible = 0;
			defaultConfigurationName = Release;
		};
/* End XCConfigurationList section */
	};
	rootObject = D2162D7E2073C15E00260BC0 /* Project object */;
}
